
Microsoft Visual Studio Solution File, Format Version 11.00
# Visual Studio 2010
Project("{8BC9CEB8-8B4A-11D0-8D11-00A0C91BC942}") = "Farmer", "Farmer\Farmer.vcxproj", "{E9814EDC-FE68-4CD0-BE2C-A40797C3BD02}"
EndProject
Global
	GlobalSection(SolutionConfigurationPlatforms) = preSolution
		Debug|Win32 = Debug|Win32
		Release|Win32 = Release|Win32
	EndGlobalSection
	GlobalSection(ProjectConfigurationPlatforms) = postSolution
		{E9814EDC-FE68-4CD0-BE2C-A40797C3BD02}.Debug|Win32.ActiveCfg = Debug|Win32
		{E9814EDC-FE68-4CD0-BE2C-A40797C3BD02}.Debug|Win32.Build.0 = Debug|Win32
		{E9814EDC-FE68-4CD0-BE2C-A40797C3BD02}.Release|Win32.ActiveCfg = Release|Win32
		{E9814EDC-FE68-4CD0-BE2C-A40797C3BD02}.Release|Win32.Build.0 = Release|Win32
	EndGlobalSection
	GlobalSection(SolutionProperties) = preSolution
		HideSolutionNode = FALSE
	EndGlobalSection
EndGlobal
